
Microsoft Visual Studio Solution File, Format Version 11.00
# Visual Studio 2010
Project("{FAE04EC0-301F-11D3-BF4B-00C04F79EFBC}") = "Grind", "Assembly-CSharp.csproj", "{650E6BB1-97B7-B1E2-DEC5-0ADF89E9FF10}"
EndProject
Project("{FAE04EC0-301F-11D3-BF4B-00C04F79EFBC}") = "Grind", "Assembly-CSharp-Editor.csproj", "{DB03AA57-D3A5-FFA9-7905-0094EE6BD30F}"
EndProject
Global
	GlobalSection(SolutionConfigurationPlatforms) = preSolution
		Debug|Any CPU = Debug|Any CPU
		Release|Any CPU = Release|Any CPU
	EndGlobalSection
	GlobalSection(ProjectConfigurationPlatforms) = postSolution
		{650E6BB1-97B7-B1E2-DEC5-0ADF89E9FF10}.Debug|Any CPU.ActiveCfg = Debug|Any CPU
		{650E6BB1-97B7-B1E2-DEC5-0ADF89E9FF10}.Debug|Any CPU.Build.0 = Debug|Any CPU
		{650E6BB1-97B7-B1E2-DEC5-0ADF89E9FF10}.Release|Any CPU.ActiveCfg = Release|Any CPU
		{650E6BB1-97B7-B1E2-DEC5-0ADF89E9FF10}.Release|Any CPU.Build.0 = Release|Any CPU
		{DB03AA57-D3A5-FFA9-7905-0094EE6BD30F}.Debug|Any CPU.ActiveCfg = Debug|Any CPU
		{DB03AA57-D3A5-FFA9-7905-0094EE6BD30F}.Debug|Any CPU.Build.0 = Debug|Any CPU
		{DB03AA57-D3A5-FFA9-7905-0094EE6BD30F}.Release|Any CPU.ActiveCfg = Release|Any CPU
		{DB03AA57-D3A5-FFA9-7905-0094EE6BD30F}.Release|Any CPU.Build.0 = Release|Any CPU
	EndGlobalSection
	GlobalSection(SolutionProperties) = preSolution
		HideSolutionNode = FALSE
	EndGlobalSection
	GlobalSection(MonoDevelopProperties) = preSolution
		StartupItem = Assembly-CSharp.csproj
	EndGlobalSection
EndGlobal
